
Microsoft Visual Studio Solution File, Format Version 12.00
# Visual Studio Version 16
VisualStudioVersion = 16.0.30330.147
MinimumVisualStudioVersion = 10.0.40219.1
Project("{FAE04EC0-301F-11D3-BF4B-00C04F79EFBC}") = "ProvaAluno", "ProvaAluno\ProvaAluno.csproj", "{3F9A82A0-1DBC-4748-9A4E-262EF8459F09}"
EndProject
Global
	GlobalSection(SolutionConfigurationPlatforms) = preSolution
		Debug|Any CPU = Debug|Any CPU
		Release|Any CPU = Release|Any CPU
	EndGlobalSection
	GlobalSection(ProjectConfigurationPlatforms) = postSolution
		{3F9A82A0-1DBC-4748-9A4E-262EF8459F09}.Debug|Any CPU.ActiveCfg = Debug|Any CPU
		{3F9A82A0-1DBC-4748-9A4E-262EF8459F09}.Debug|Any CPU.Build.0 = Debug|Any CPU
		{3F9A82A0-1DBC-4748-9A4E-262EF8459F09}.Release|Any CPU.ActiveCfg = Release|Any CPU
		{3F9A82A0-1DBC-4748-9A4E-262EF8459F09}.Release|Any CPU.Build.0 = Release|Any CPU
	EndGlobalSection
	GlobalSection(SolutionProperties) = preSolution
		HideSolutionNode = FALSE
	EndGlobalSection
	GlobalSection(ExtensibilityGlobals) = postSolution
		SolutionGuid = {0E6B0910-01F4-4572-B58D-C31B32C3C459}
	EndGlobalSection
EndGlobal
